
Microsoft Visual Studio Solution File, Format Version 12.00
# Visual Studio Version 17
VisualStudioVersion = 17.2.32519.379
MinimumVisualStudioVersion = 10.0.40219.1
Project("{FAE04EC0-301F-11D3-BF4B-00C04F79EFBC}") = "ApiServer", "ApiServer\ApiServer.csproj", "{ED79C6E6-104D-4D8F-8F72-D36E5A0A11B1}"
EndProject
Project("{2150E333-8FDC-42A3-9474-1A3956D46DE8}") = "Api", "Api", "{26B86B1A-C770-40AC-BC63-C0971474053F}"
EndProject
Global
	GlobalSection(SolutionConfigurationPlatforms) = preSolution
		Debug|Any CPU = Debug|Any CPU
		Release|Any CPU = Release|Any CPU
	EndGlobalSection
	GlobalSection(ProjectConfigurationPlatforms) = postSolution
		{ED79C6E6-104D-4D8F-8F72-D36E5A0A11B1}.Debug|Any CPU.ActiveCfg = Debug|Any CPU
		{ED79C6E6-104D-4D8F-8F72-D36E5A0A11B1}.Debug|Any CPU.Build.0 = Debug|Any CPU
		{ED79C6E6-104D-4D8F-8F72-D36E5A0A11B1}.Release|Any CPU.ActiveCfg = Release|Any CPU
		{ED79C6E6-104D-4D8F-8F72-D36E5A0A11B1}.Release|Any CPU.Build.0 = Release|Any CPU
	EndGlobalSection
	GlobalSection(SolutionProperties) = preSolution
		HideSolutionNode = FALSE
	EndGlobalSection
	GlobalSection(NestedProjects) = preSolution
		{ED79C6E6-104D-4D8F-8F72-D36E5A0A11B1} = {26B86B1A-C770-40AC-BC63-C0971474053F}
	EndGlobalSection
	GlobalSection(ExtensibilityGlobals) = postSolution
		SolutionGuid = {799A9CE7-46DC-4E30-9558-1C50E86E4970}
	EndGlobalSection
EndGlobal
